
Microsoft Visual Studio Solution File, Format Version 12.00
# Visual Studio Version 17
VisualStudioVersion = 17.2.32630.192
MinimumVisualStudioVersion = 10.0.40219.1
Project("{9A19103F-16F7-4668-BE54-9A1E7A4F7556}") = "MyHotel.Api", "MyHotel\MyHotel.Api.csproj", "{294C0F8E-5775-49C4-935E-6FFACAC0F834}"
EndProject
Project("{FAE04EC0-301F-11D3-BF4B-00C04F79EFBC}") = "MyHotel.Core", "MyHotel.Core\MyHotel.Core.csproj", "{D1DD57B0-899C-4564-A7B9-2DD03039BAC0}"
EndProject
Project("{FAE04EC0-301F-11D3-BF4B-00C04F79EFBC}") = "MyHotel.Data", "MyHotel.Data\MyHotel.Data.csproj", "{9E45D5BF-84A6-4FB5-A2D3-4885F5EE1858}"
EndProject
Project("{FAE04EC0-301F-11D3-BF4B-00C04F79EFBC}") = "MyHotel.Service", "MyHotel.Service\MyHotel.Service.csproj", "{95F78237-288D-49E1-B694-8EE590DF5891}"
EndProject
Global
	GlobalSection(SolutionConfigurationPlatforms) = preSolution
		Debug|Any CPU = Debug|Any CPU
		Release|Any CPU = Release|Any CPU
	EndGlobalSection
	GlobalSection(ProjectConfigurationPlatforms) = postSolution
		{294C0F8E-5775-49C4-935E-6FFACAC0F834}.Debug|Any CPU.ActiveCfg = Debug|Any CPU
		{294C0F8E-5775-49C4-935E-6FFACAC0F834}.Debug|Any CPU.Build.0 = Debug|Any CPU
		{294C0F8E-5775-49C4-935E-6FFACAC0F834}.Release|Any CPU.ActiveCfg = Release|Any CPU
		{294C0F8E-5775-49C4-935E-6FFACAC0F834}.Release|Any CPU.Build.0 = Release|Any CPU
		{D1DD57B0-899C-4564-A7B9-2DD03039BAC0}.Debug|Any CPU.ActiveCfg = Debug|Any CPU
		{D1DD57B0-899C-4564-A7B9-2DD03039BAC0}.Debug|Any CPU.Build.0 = Debug|Any CPU
		{D1DD57B0-899C-4564-A7B9-2DD03039BAC0}.Release|Any CPU.ActiveCfg = Release|Any CPU
		{D1DD57B0-899C-4564-A7B9-2DD03039BAC0}.Release|Any CPU.Build.0 = Release|Any CPU
		{9E45D5BF-84A6-4FB5-A2D3-4885F5EE1858}.Debug|Any CPU.ActiveCfg = Debug|Any CPU
		{9E45D5BF-84A6-4FB5-A2D3-4885F5EE1858}.Debug|Any CPU.Build.0 = Debug|Any CPU
		{9E45D5BF-84A6-4FB5-A2D3-4885F5EE1858}.Release|Any CPU.ActiveCfg = Release|Any CPU
		{9E45D5BF-84A6-4FB5-A2D3-4885F5EE1858}.Release|Any CPU.Build.0 = Release|Any CPU
		{95F78237-288D-49E1-B694-8EE590DF5891}.Debug|Any CPU.ActiveCfg = Debug|Any CPU
		{95F78237-288D-49E1-B694-8EE590DF5891}.Debug|Any CPU.Build.0 = Debug|Any CPU
		{95F78237-288D-49E1-B694-8EE590DF5891}.Release|Any CPU.ActiveCfg = Release|Any CPU
		{95F78237-288D-49E1-B694-8EE590DF5891}.Release|Any CPU.Build.0 = Release|Any CPU
	EndGlobalSection
	GlobalSection(SolutionProperties) = preSolution
		HideSolutionNode = FALSE
	EndGlobalSection
	GlobalSection(ExtensibilityGlobals) = postSolution
		SolutionGuid = {1B27B553-2BE9-42C9-B366-8D954BD043E5}
	EndGlobalSection
EndGlobal
